
Microsoft Visual Studio Solution File, Format Version 12.00
# Visual Studio Version 17
VisualStudioVersion = 17.13.35913.81
MinimumVisualStudioVersion = 10.0.40219.1
Project("{FAE04EC0-301F-11D3-BF4B-00C04F79EFBC}") = "RestaurantAppAPI", "RestaurantAppAPI\RestaurantAppAPI.csproj", "{69411968-5CC4-4040-8218-D54BD5A6F8AA}"
EndProject
Global
	GlobalSection(SolutionConfigurationPlatforms) = preSolution
		Debug|Any CPU = Debug|Any CPU
		Release|Any CPU = Release|Any CPU
	EndGlobalSection
	GlobalSection(ProjectConfigurationPlatforms) = postSolution
		{69411968-5CC4-4040-8218-D54BD5A6F8AA}.Debug|Any CPU.ActiveCfg = Debug|Any CPU
		{69411968-5CC4-4040-8218-D54BD5A6F8AA}.Debug|Any CPU.Build.0 = Debug|Any CPU
		{69411968-5CC4-4040-8218-D54BD5A6F8AA}.Release|Any CPU.ActiveCfg = Release|Any CPU
		{69411968-5CC4-4040-8218-D54BD5A6F8AA}.Release|Any CPU.Build.0 = Release|Any CPU
	EndGlobalSection
	GlobalSection(SolutionProperties) = preSolution
		HideSolutionNode = FALSE
	EndGlobalSection
	GlobalSection(ExtensibilityGlobals) = postSolution
		SolutionGuid = {FC335103-0BEB-4C3A-9245-C7B38B4DF003}
	EndGlobalSection
EndGlobal
